{
  "name": "bagel-lib",
  "version": "1.0.0",
  "lockfileVersion": 2,
  "requires": true,
  "packages": {
    "": {
      "name": "bagel-lib",
      "version": "1.0.0",
      "license": "MIT",
      "devDependencies": {
        "mobx": "^6.2.0"
      }
    },
    "node_modules/mobx": {
      "version": "6.2.0",
      "resolved": "https://registry.npmjs.org/mobx/-/mobx-6.2.0.tgz",
      "integrity": "sha512-j5f16JIq2v4flvYCqaAB9tMtJt/y5efR2OO5Xy+w4/MBMeQ1WeGR0T8BtiNgmxM/OQzPFUKb5DTex9Y8a/yk+g==",
      "dev": true,
      "funding": {
        "type": "opencollective",
        "url": "https://opencollective.com/mobx"
      }
    }
  },
  "dependencies": {
    "mobx": {
      "version": "6.2.0",
      "resolved": "https://registry.npmjs.org/mobx/-/mobx-6.2.0.tgz",
      "integrity": "sha512-j5f16JIq2v4flvYCqaAB9tMtJt/y5efR2OO5Xy+w4/MBMeQ1WeGR0T8BtiNgmxM/OQzPFUKb5DTex9Y8a/yk+g==",
      "dev": true
    }
  }
}
